
Microsoft Visual Studio Solution File, Format Version 12.00
# Visual Studio Version 17
VisualStudioVersion = 17.1.32319.34
MinimumVisualStudioVersion = 10.0.40219.1
Project("{9A19103F-16F7-4668-BE54-9A1E7A4F7556}") = "MyFirstApplication", "MyFirstApplication.csproj", "{9F0CECD4-6588-4825-8C6C-19FBD776676F}"
EndProject
Project("{FAE04EC0-301F-11D3-BF4B-00C04F79EFBC}") = "MyFirstTestProject", "..\MyFirstTestProject\MyFirstTestProject.csproj", "{7B59961B-372F-41CA-8E12-66DE59F526CE}"
EndProject
Global
	GlobalSection(SolutionConfigurationPlatforms) = preSolution
		Debug|Any CPU = Debug|Any CPU
		Release|Any CPU = Release|Any CPU
	EndGlobalSection
	GlobalSection(ProjectConfigurationPlatforms) = postSolution
		{9F0CECD4-6588-4825-8C6C-19FBD776676F}.Debug|Any CPU.ActiveCfg = Debug|Any CPU
		{9F0CECD4-6588-4825-8C6C-19FBD776676F}.Debug|Any CPU.Build.0 = Debug|Any CPU
		{9F0CECD4-6588-4825-8C6C-19FBD776676F}.Release|Any CPU.ActiveCfg = Release|Any CPU
		{9F0CECD4-6588-4825-8C6C-19FBD776676F}.Release|Any CPU.Build.0 = Release|Any CPU
		{7B59961B-372F-41CA-8E12-66DE59F526CE}.Debug|Any CPU.ActiveCfg = Debug|Any CPU
		{7B59961B-372F-41CA-8E12-66DE59F526CE}.Debug|Any CPU.Build.0 = Debug|Any CPU
		{7B59961B-372F-41CA-8E12-66DE59F526CE}.Release|Any CPU.ActiveCfg = Release|Any CPU
		{7B59961B-372F-41CA-8E12-66DE59F526CE}.Release|Any CPU.Build.0 = Release|Any CPU
	EndGlobalSection
	GlobalSection(SolutionProperties) = preSolution
		HideSolutionNode = FALSE
	EndGlobalSection
	GlobalSection(ExtensibilityGlobals) = postSolution
		SolutionGuid = {EC682ECC-7C33-4373-8224-EAC61B08D29F}
	EndGlobalSection
EndGlobal
